// !$*UTF8*$!
{
	archiveVersion = 1;
	classes = {
	};
	objectVersion = 46;
	objects = {

/* Begin PBXBuildFile section */
		0A0A91EF1D7BD83C0031AB5F /* UnpackedViewControllerTests.swift in Sources */ = {isa = PBXBuildFile; fileRef = 0A919E3E1D7B6A6C002D67AB /* UnpackedViewControllerTests.swift */; };
		0A7B1B691D7B7E7900A3FD16 /* FixtureUser.swift in Sources */ = {isa = PBXBuildFile; fileRef = 0A7B1B681D7B7E7900A3FD16 /* FixtureUser.swift */; };
		0A7B1B721D7B8B3300A3FD16 /* SummarizedTableView.swift in Sources */ = {isa = PBXBuildFile; fileRef = 0A7B1B711D7B8B3300A3FD16 /* SummarizedTableView.swift */; };
		0A7B1B741D7B8B4500A3FD16 /* SummarizedTableViewController.swift in Sources */ = {isa = PBXBuildFile; fileRef = 0A7B1B731D7B8B4500A3FD16 /* SummarizedTableViewController.swift */; };
		0A7B1B761D7B8ED700A3FD16 /* SummarizedTableViewDataSource.swift in Sources */ = {isa = PBXBuildFile; fileRef = 0A7B1B751D7B8ED700A3FD16 /* SummarizedTableViewDataSource.swift */; };
		0A7B1B791D7B938A00A3FD16 /* SummarizedTableViewSection.swift in Sources */ = {isa = PBXBuildFile; fileRef = 0A7B1B781D7B938A00A3FD16 /* SummarizedTableViewSection.swift */; };
		0A7B1B821D7B954A00A3FD16 /* DetailCellDataSource.swift in Sources */ = {isa = PBXBuildFile; fileRef = 0A7B1B811D7B954A00A3FD16 /* DetailCellDataSource.swift */; };
		0A7B1B851D7B98F300A3FD16 /* SummaryCellDataSource.swift in Sources */ = {isa = PBXBuildFile; fileRef = 0A7B1B841D7B98F300A3FD16 /* SummaryCellDataSource.swift */; };
		0A7B1B881D7B9E8500A3FD16 /* SummaryCell.swift in Sources */ = {isa = PBXBuildFile; fileRef = 0A7B1B871D7B9E8500A3FD16 /* SummaryCell.swift */; };
		0A7B1B8C1D7BCC1500A3FD16 /* DetailCell.swift in Sources */ = {isa = PBXBuildFile; fileRef = 0A7B1B8B1D7BCC1500A3FD16 /* DetailCell.swift */; };
		0A919E2A1D7B6A6C002D67AB /* AppDelegate.swift in Sources */ = {isa = PBXBuildFile; fileRef = 0A919E291D7B6A6C002D67AB /* AppDelegate.swift */; };
		0A919E2C1D7B6A6C002D67AB /* LoginViewController.swift in Sources */ = {isa = PBXBuildFile; fileRef = 0A919E2B1D7B6A6C002D67AB /* LoginViewController.swift */; };
		0A919E311D7B6A6C002D67AB /* Assets.xcassets in Resources */ = {isa = PBXBuildFile; fileRef = 0A919E301D7B6A6C002D67AB /* Assets.xcassets */; };
		0A919E341D7B6A6C002D67AB /* LaunchScreen.storyboard in Resources */ = {isa = PBXBuildFile; fileRef = 0A919E321D7B6A6C002D67AB /* LaunchScreen.storyboard */; };
		0A919E4A1D7B6A6C002D67AB /* UnpackedViewControllerUITests.swift in Sources */ = {isa = PBXBuildFile; fileRef = 0A919E491D7B6A6C002D67AB /* UnpackedViewControllerUITests.swift */; };
		0A9228931D7BE88D009C628E /* BrowseAccountsFlow.swift in Sources */ = {isa = PBXBuildFile; fileRef = 0A9228921D7BE88D009C628E /* BrowseAccountsFlow.swift */; };
		0A9228951D7BEBF7009C628E /* AccountDetail.swift in Sources */ = {isa = PBXBuildFile; fileRef = 0A9228941D7BEBF7009C628E /* AccountDetail.swift */; };
		0ADA70B91D7B6BC700D87AAC /* User.swift in Sources */ = {isa = PBXBuildFile; fileRef = 0ADA70B81D7B6BC700D87AAC /* User.swift */; };
		0ADA70BC1D7B6BD400D87AAC /* Brokerage.swift in Sources */ = {isa = PBXBuildFile; fileRef = 0ADA70BB1D7B6BD400D87AAC /* Brokerage.swift */; };
		0ADA70BE1D7B6BD900D87AAC /* Account.swift in Sources */ = {isa = PBXBuildFile; fileRef = 0ADA70BD1D7B6BD900D87AAC /* Account.swift */; };
		0AFDACBC1D7BF84B00741FED /* SelectAccountFlow.swift in Sources */ = {isa = PBXBuildFile; fileRef = 0AFDACBB1D7BF84B00741FED /* SelectAccountFlow.swift */; };
		0AFDACC01D7E72AC00741FED /* MonolithicAccountDetailsViewController.swift in Sources */ = {isa = PBXBuildFile; fileRef = 0AFDACBF1D7E72AC00741FED /* MonolithicAccountDetailsViewController.swift */; };
		2A24F78135F5DC92271E8F1C /* Pods_UnpackedViewController.framework in Frameworks */ = {isa = PBXBuildFile; fileRef = 0D8B9A4DD44F2EBB15F161FB /* Pods_UnpackedViewController.framework */; };
		8C17523DCA4458B39E1C87B4 /* Pods_UnpackedViewControllerTests.framework in Frameworks */ = {isa = PBXBuildFile; fileRef = 9E561E246A6F6EAD2206E78D /* Pods_UnpackedViewControllerTests.framework */; };
		CA95A25328F7E382DD901F3E /* Pods_UnpackedViewControllerUITests.framework in Frameworks */ = {isa = PBXBuildFile; fileRef = 988231622DB16940672E720F /* Pods_UnpackedViewControllerUITests.framework */; };
/* End PBXBuildFile section */

/* Begin PBXContainerItemProxy section */
		0A919E3B1D7B6A6C002D67AB /* PBXContainerItemProxy */ = {
			isa = PBXContainerItemProxy;
			containerPortal = 0A919E1E1D7B6A6B002D67AB /* Project object */;
			proxyType = 1;
			remoteGlobalIDString = 0A919E251D7B6A6B002D67AB;
			remoteInfo = UnpackedViewController;
		};
		0A919E461D7B6A6C002D67AB /* PBXContainerItemProxy */ = {
			isa = PBXContainerItemProxy;
			containerPortal = 0A919E1E1D7B6A6B002D67AB /* Project object */;
			proxyType = 1;
			remoteGlobalIDString = 0A919E251D7B6A6B002D67AB;
			remoteInfo = UnpackedViewController;
		};
/* End PBXContainerItemProxy section */

/* Begin PBXFileReference section */
		0A7B1B681D7B7E7900A3FD16 /* FixtureUser.swift */ = {isa = PBXFileReference; fileEncoding = 4; lastKnownFileType = sourcecode.swift; path = FixtureUser.swift; sourceTree = "<group>"; };
		0A7B1B711D7B8B3300A3FD16 /* SummarizedTableView.swift */ = {isa = PBXFileReference; fileEncoding = 4; lastKnownFileType = sourcecode.swift; path = SummarizedTableView.swift; sourceTree = "<group>"; };
		0A7B1B731D7B8B4500A3FD16 /* SummarizedTableViewController.swift */ = {isa = PBXFileReference; fileEncoding = 4; lastKnownFileType = sourcecode.swift; path = SummarizedTableViewController.swift; sourceTree = "<group>"; };
		0A7B1B751D7B8ED700A3FD16 /* SummarizedTableViewDataSource.swift */ = {isa = PBXFileReference; fileEncoding = 4; lastKnownFileType = sourcecode.swift; path = SummarizedTableViewDataSource.swift; sourceTree = "<group>"; };
		0A7B1B781D7B938A00A3FD16 /* SummarizedTableViewSection.swift */ = {isa = PBXFileReference; fileEncoding = 4; lastKnownFileType = sourcecode.swift; path = SummarizedTableViewSection.swift; sourceTree = "<group>"; };
		0A7B1B811D7B954A00A3FD16 /* DetailCellDataSource.swift */ = {isa = PBXFileReference; fileEncoding = 4; lastKnownFileType = sourcecode.swift; path = DetailCellDataSource.swift; sourceTree = "<group>"; };
		0A7B1B841D7B98F300A3FD16 /* SummaryCellDataSource.swift */ = {isa = PBXFileReference; fileEncoding = 4; lastKnownFileType = sourcecode.swift; path = SummaryCellDataSource.swift; sourceTree = "<group>"; };
		0A7B1B871D7B9E8500A3FD16 /* SummaryCell.swift */ = {isa = PBXFileReference; fileEncoding = 4; lastKnownFileType = sourcecode.swift; path = SummaryCell.swift; sourceTree = "<group>"; };
		0A7B1B8B1D7BCC1500A3FD16 /* DetailCell.swift */ = {isa = PBXFileReference; fileEncoding = 4; lastKnownFileType = sourcecode.swift; path = DetailCell.swift; sourceTree = "<group>"; };
		0A919E261D7B6A6B002D67AB /* UnpackedViewController.app */ = {isa = PBXFileReference; explicitFileType = wrapper.application; includeInIndex = 0; path = UnpackedViewController.app; sourceTree = BUILT_PRODUCTS_DIR; };
		0A919E291D7B6A6C002D67AB /* AppDelegate.swift */ = {isa = PBXFileReference; lastKnownFileType = sourcecode.swift; path = AppDelegate.swift; sourceTree = "<group>"; };
		0A919E2B1D7B6A6C002D67AB /* LoginViewController.swift */ = {isa = PBXFileReference; lastKnownFileType = sourcecode.swift; path = LoginViewController.swift; sourceTree = "<group>"; };
		0A919E301D7B6A6C002D67AB /* Assets.xcassets */ = {isa = PBXFileReference; lastKnownFileType = folder.assetcatalog; path = Assets.xcassets; sourceTree = "<group>"; };
		0A919E331D7B6A6C002D67AB /* Base */ = {isa = PBXFileReference; lastKnownFileType = file.storyboard; name = Base; path = Base.lproj/LaunchScreen.storyboard; sourceTree = "<group>"; };
		0A919E351D7B6A6C002D67AB /* Info.plist */ = {isa = PBXFileReference; lastKnownFileType = text.plist.xml; path = Info.plist; sourceTree = "<group>"; };
		0A919E3A1D7B6A6C002D67AB /* UnpackedViewControllerTests.xctest */ = {isa = PBXFileReference; explicitFileType = wrapper.cfbundle; includeInIndex = 0; path = UnpackedViewControllerTests.xctest; sourceTree = BUILT_PRODUCTS_DIR; };
		0A919E3E1D7B6A6C002D67AB /* UnpackedViewControllerTests.swift */ = {isa = PBXFileReference; lastKnownFileType = sourcecode.swift; path = UnpackedViewControllerTests.swift; sourceTree = "<group>"; };
		0A919E401D7B6A6C002D67AB /* Info.plist */ = {isa = PBXFileReference; lastKnownFileType = text.plist.xml; path = Info.plist; sourceTree = "<group>"; };
		0A919E451D7B6A6C002D67AB /* UnpackedViewControllerUITests.xctest */ = {isa = PBXFileReference; explicitFileType = wrapper.cfbundle; includeInIndex = 0; path = UnpackedViewControllerUITests.xctest; sourceTree = BUILT_PRODUCTS_DIR; };
		0A919E491D7B6A6C002D67AB /* UnpackedViewControllerUITests.swift */ = {isa = PBXFileReference; lastKnownFileType = sourcecode.swift; path = UnpackedViewControllerUITests.swift; sourceTree = "<group>"; };
		0A919E4B1D7B6A6C002D67AB /* Info.plist */ = {isa = PBXFileReference; lastKnownFileType = text.plist.xml; path = Info.plist; sourceTree = "<group>"; };
		0A919E571D7B6AA3002D67AB /* Podfile */ = {isa = PBXFileReference; fileEncoding = 4; lastKnownFileType = text; path = Podfile; sourceTree = "<group>"; xcLanguageSpecificationIdentifier = xcode.lang.ruby; };
		0A9228921D7BE88D009C628E /* BrowseAccountsFlow.swift */ = {isa = PBXFileReference; fileEncoding = 4; lastKnownFileType = sourcecode.swift; path = BrowseAccountsFlow.swift; sourceTree = "<group>"; };
		0A9228941D7BEBF7009C628E /* AccountDetail.swift */ = {isa = PBXFileReference; fileEncoding = 4; lastKnownFileType = sourcecode.swift; path = AccountDetail.swift; sourceTree = "<group>"; };
		0ADA70B81D7B6BC700D87AAC /* User.swift */ = {isa = PBXFileReference; fileEncoding = 4; lastKnownFileType = sourcecode.swift; path = User.swift; sourceTree = "<group>"; };
		0ADA70BB1D7B6BD400D87AAC /* Brokerage.swift */ = {isa = PBXFileReference; fileEncoding = 4; lastKnownFileType = sourcecode.swift; path = Brokerage.swift; sourceTree = "<group>"; };
		0ADA70BD1D7B6BD900D87AAC /* Account.swift */ = {isa = PBXFileReference; fileEncoding = 4; lastKnownFileType = sourcecode.swift; path = Account.swift; sourceTree = "<group>"; };
		0AFDACBB1D7BF84B00741FED /* SelectAccountFlow.swift */ = {isa = PBXFileReference; fileEncoding = 4; lastKnownFileType = sourcecode.swift; path = SelectAccountFlow.swift; sourceTree = "<group>"; };
		0AFDACBF1D7E72AC00741FED /* MonolithicAccountDetailsViewController.swift */ = {isa = PBXFileReference; fileEncoding = 4; lastKnownFileType = sourcecode.swift; path = MonolithicAccountDetailsViewController.swift; sourceTree = "<group>"; };
		0D8B9A4DD44F2EBB15F161FB /* Pods_UnpackedViewController.framework */ = {isa = PBXFileReference; explicitFileType = wrapper.framework; includeInIndex = 0; path = Pods_UnpackedViewController.framework; sourceTree = BUILT_PRODUCTS_DIR; };
		0FC96355562D608CD0DCC91F /* Pods-UnpackedViewControllerTests.release.xcconfig */ = {isa = PBXFileReference; includeInIndex = 1; lastKnownFileType = text.xcconfig; name = "Pods-UnpackedViewControllerTests.release.xcconfig"; path = "Pods/Target Support Files/Pods-UnpackedViewControllerTests/Pods-UnpackedViewControllerTests.release.xcconfig"; sourceTree = "<group>"; };
		793408DEA22AA95B7AB5EBE2 /* Pods-UnpackedViewController.release.xcconfig */ = {isa = PBXFileReference; includeInIndex = 1; lastKnownFileType = text.xcconfig; name = "Pods-UnpackedViewController.release.xcconfig"; path = "Pods/Target Support Files/Pods-UnpackedViewController/Pods-UnpackedViewController.release.xcconfig"; sourceTree = "<group>"; };
		7DE56533F74A793015DE7B7D /* Pods-UnpackedViewControllerUITests.debug.xcconfig */ = {isa = PBXFileReference; includeInIndex = 1; lastKnownFileType = text.xcconfig; name = "Pods-UnpackedViewControllerUITests.debug.xcconfig"; path = "Pods/Target Support Files/Pods-UnpackedViewControllerUITests/Pods-UnpackedViewControllerUITests.debug.xcconfig"; sourceTree = "<group>"; };
		83C26C744F85B2F41ED00263 /* Pods-UnpackedViewController.debug.xcconfig */ = {isa = PBXFileReference; includeInIndex = 1; lastKnownFileType = text.xcconfig; name = "Pods-UnpackedViewController.debug.xcconfig"; path = "Pods/Target Support Files/Pods-UnpackedViewController/Pods-UnpackedViewController.debug.xcconfig"; sourceTree = "<group>"; };
		988231622DB16940672E720F /* Pods_UnpackedViewControllerUITests.framework */ = {isa = PBXFileReference; explicitFileType = wrapper.framework; includeInIndex = 0; path = Pods_UnpackedViewControllerUITests.framework; sourceTree = BUILT_PRODUCTS_DIR; };
		9E561E246A6F6EAD2206E78D /* Pods_UnpackedViewControllerTests.framework */ = {isa = PBXFileReference; explicitFileType = wrapper.framework; includeInIndex = 0; path = Pods_UnpackedViewControllerTests.framework; sourceTree = BUILT_PRODUCTS_DIR; };
		B95ECA3D75C17CA9463B1CC1 /* Pods-UnpackedViewControllerTests.debug.xcconfig */ = {isa = PBXFileReference; includeInIndex = 1; lastKnownFileType = text.xcconfig; name = "Pods-UnpackedViewControllerTests.debug.xcconfig"; path = "Pods/Target Support Files/Pods-UnpackedViewControllerTests/Pods-UnpackedViewControllerTests.debug.xcconfig"; sourceTree = "<group>"; };
		BCB71887E289255D082CB5AD /* Pods-UnpackedViewControllerUITests.release.xcconfig */ = {isa = PBXFileReference; includeInIndex = 1; lastKnownFileType = text.xcconfig; name = "Pods-UnpackedViewControllerUITests.release.xcconfig"; path = "Pods/Target Support Files/Pods-UnpackedViewControllerUITests/Pods-UnpackedViewControllerUITests.release.xcconfig"; sourceTree = "<group>"; };
/* End PBXFileReference section */

/* Begin PBXFrameworksBuildPhase section */
		0A919E231D7B6A6B002D67AB /* Frameworks */ = {
			isa = PBXFrameworksBuildPhase;
			buildActionMask = 2147483647;
			files = (
				2A24F78135F5DC92271E8F1C /* Pods_UnpackedViewController.framework in Frameworks */,
			);
			runOnlyForDeploymentPostprocessing = 0;
		};
		0A919E371D7B6A6C002D67AB /* Frameworks */ = {
			isa = PBXFrameworksBuildPhase;
			buildActionMask = 2147483647;
			files = (
				8C17523DCA4458B39E1C87B4 /* Pods_UnpackedViewControllerTests.framework in Frameworks */,
			);
			runOnlyForDeploymentPostprocessing = 0;
		};
		0A919E421D7B6A6C002D67AB /* Frameworks */ = {
			isa = PBXFrameworksBuildPhase;
			buildActionMask = 2147483647;
			files = (
				CA95A25328F7E382DD901F3E /* Pods_UnpackedViewControllerUITests.framework in Frameworks */,
			);
			runOnlyForDeploymentPostprocessing = 0;
		};
/* End PBXFrameworksBuildPhase section */

/* Begin PBXGroup section */
		0A7B1B671D7B7E2300A3FD16 /* View Controllers */ = {
			isa = PBXGroup;
			children = (
				0A919E2B1D7B6A6C002D67AB /* LoginViewController.swift */,
				0A7B1B731D7B8B4500A3FD16 /* SummarizedTableViewController.swift */,
				0AFDACBF1D7E72AC00741FED /* MonolithicAccountDetailsViewController.swift */,
			);
			name = "View Controllers";
			sourceTree = "<group>";
		};
		0A7B1B6E1D7B8A7E00A3FD16 /* Views */ = {
			isa = PBXGroup;
			children = (
				0A7B1B711D7B8B3300A3FD16 /* SummarizedTableView.swift */,
				0A7B1B871D7B9E8500A3FD16 /* SummaryCell.swift */,
				0A7B1B8B1D7BCC1500A3FD16 /* DetailCell.swift */,
			);
			name = Views;
			sourceTree = "<group>";
		};
		0A919E1D1D7B6A6B002D67AB = {
			isa = PBXGroup;
			children = (
				0A919E571D7B6AA3002D67AB /* Podfile */,
				0A919E281D7B6A6C002D67AB /* UnpackedViewController */,
				0A919E3D1D7B6A6C002D67AB /* UnpackedViewControllerTests */,
				0A919E481D7B6A6C002D67AB /* UnpackedViewControllerUITests */,
				0A919E271D7B6A6B002D67AB /* Products */,
				76E751F052F70D062F5C578B /* Pods */,
				BDFFA53EA6422C6E918390EA /* Frameworks */,
			);
			sourceTree = "<group>";
		};
		0A919E271D7B6A6B002D67AB /* Products */ = {
			isa = PBXGroup;
			children = (
				0A919E261D7B6A6B002D67AB /* UnpackedViewController.app */,
				0A919E3A1D7B6A6C002D67AB /* UnpackedViewControllerTests.xctest */,
				0A919E451D7B6A6C002D67AB /* UnpackedViewControllerUITests.xctest */,
			);
			name = Products;
			sourceTree = "<group>";
		};
		0A919E281D7B6A6C002D67AB /* UnpackedViewController */ = {
			isa = PBXGroup;
			children = (
				0A9228911D7BE845009C628E /* Source */,
				0A919E351D7B6A6C002D67AB /* Info.plist */,
				0A919E301D7B6A6C002D67AB /* Assets.xcassets */,
				0A919E321D7B6A6C002D67AB /* LaunchScreen.storyboard */,
			);
			path = UnpackedViewController;
			sourceTree = "<group>";
		};
		0A919E3D1D7B6A6C002D67AB /* UnpackedViewControllerTests */ = {
			isa = PBXGroup;
			children = (
				0A919E3E1D7B6A6C002D67AB /* UnpackedViewControllerTests.swift */,
				0A919E401D7B6A6C002D67AB /* Info.plist */,
			);
			path = UnpackedViewControllerTests;
			sourceTree = "<group>";
		};
		0A919E481D7B6A6C002D67AB /* UnpackedViewControllerUITests */ = {
			isa = PBXGroup;
			children = (
				0A919E491D7B6A6C002D67AB /* UnpackedViewControllerUITests.swift */,
				0A919E4B1D7B6A6C002D67AB /* Info.plist */,
			);
			path = UnpackedViewControllerUITests;
			sourceTree = "<group>";
		};
		0A92288F1D7BE809009C628E /* Flows */ = {
			isa = PBXGroup;
			children = (
				0A9228921D7BE88D009C628E /* BrowseAccountsFlow.swift */,
				0AFDACBB1D7BF84B00741FED /* SelectAccountFlow.swift */,
			);
			name = Flows;
			sourceTree = "<group>";
		};
		0A9228911D7BE845009C628E /* Source */ = {
			isa = PBXGroup;
			children = (
				0A919E291D7B6A6C002D67AB /* AppDelegate.swift */,
				0A92288F1D7BE809009C628E /* Flows */,
				0ADA70BA1D7B6BCB00D87AAC /* Models */,
				0A7B1B671D7B7E2300A3FD16 /* View Controllers */,
				0A7B1B6E1D7B8A7E00A3FD16 /* Views */,
			);
			name = Source;
			sourceTree = "<group>";
		};
		0ADA70BA1D7B6BCB00D87AAC /* Models */ = {
			isa = PBXGroup;
			children = (
				0ADA70BD1D7B6BD900D87AAC /* Account.swift */,
				0A9228941D7BEBF7009C628E /* AccountDetail.swift */,
				0ADA70BB1D7B6BD400D87AAC /* Brokerage.swift */,
				0A7B1B811D7B954A00A3FD16 /* DetailCellDataSource.swift */,
				0A7B1B681D7B7E7900A3FD16 /* FixtureUser.swift */,
				0A7B1B751D7B8ED700A3FD16 /* SummarizedTableViewDataSource.swift */,
				0A7B1B781D7B938A00A3FD16 /* SummarizedTableViewSection.swift */,
				0A7B1B841D7B98F300A3FD16 /* SummaryCellDataSource.swift */,
				0ADA70B81D7B6BC700D87AAC /* User.swift */,
			);
			name = Models;
			sourceTree = "<group>";
		};
		76E751F052F70D062F5C578B /* Pods */ = {
			isa = PBXGroup;
			children = (
				83C26C744F85B2F41ED00263 /* Pods-UnpackedViewController.debug.xcconfig */,
				793408DEA22AA95B7AB5EBE2 /* Pods-UnpackedViewController.release.xcconfig */,
				B95ECA3D75C17CA9463B1CC1 /* Pods-UnpackedViewControllerTests.debug.xcconfig */,
				0FC96355562D608CD0DCC91F /* Pods-UnpackedViewControllerTests.release.xcconfig */,
				7DE56533F74A793015DE7B7D /* Pods-UnpackedViewControllerUITests.debug.xcconfig */,
				BCB71887E289255D082CB5AD /* Pods-UnpackedViewControllerUITests.release.xcconfig */,
			);
			name = Pods;
			sourceTree = "<group>";
		};
		BDFFA53EA6422C6E918390EA /* Frameworks */ = {
			isa = PBXGroup;
			children = (
				0D8B9A4DD44F2EBB15F161FB /* Pods_UnpackedViewController.framework */,
				9E561E246A6F6EAD2206E78D /* Pods_UnpackedViewControllerTests.framework */,
				988231622DB16940672E720F /* Pods_UnpackedViewControllerUITests.framework */,
			);
			name = Frameworks;
			sourceTree = "<group>";
		};
/* End PBXGroup section */

/* Begin PBXNativeTarget section */
		0A919E251D7B6A6B002D67AB /* UnpackedViewController */ = {
			isa = PBXNativeTarget;
			buildConfigurationList = 0A919E4E1D7B6A6C002D67AB /* Build configuration list for PBXNativeTarget "UnpackedViewController" */;
			buildPhases = (
				6BE373E4A7119FFC0CED36B2 /* [CP] Check Pods Manifest.lock */,
				0A919E221D7B6A6B002D67AB /* Sources */,
				0A919E231D7B6A6B002D67AB /* Frameworks */,
				0A919E241D7B6A6B002D67AB /* Resources */,
				F84E5E154D5A2C1B54AB5994 /* [CP] Embed Pods Frameworks */,
				F733118AF5A29B4DD969B1C3 /* [CP] Copy Pods Resources */,
			);
			buildRules = (
			);
			dependencies = (
			);
			name = UnpackedViewController;
			productName = UnpackedViewController;
			productReference = 0A919E261D7B6A6B002D67AB /* UnpackedViewController.app */;
			productType = "com.apple.product-type.application";
		};
		0A919E391D7B6A6C002D67AB /* UnpackedViewControllerTests */ = {
			isa = PBXNativeTarget;
			buildConfigurationList = 0A919E511D7B6A6C002D67AB /* Build configuration list for PBXNativeTarget "UnpackedViewControllerTests" */;
			buildPhases = (
				CADACEBEB96C01B62B141FD6 /* [CP] Check Pods Manifest.lock */,
				0A919E361D7B6A6C002D67AB /* Sources */,
				0A919E371D7B6A6C002D67AB /* Frameworks */,
				0A919E381D7B6A6C002D67AB /* Resources */,
				DAEFBD8A9F49FCD4B935D167 /* [CP] Embed Pods Frameworks */,
				231CE666B149211D3485D2CF /* [CP] Copy Pods Resources */,
			);
			buildRules = (
			);
			dependencies = (
				0A919E3C1D7B6A6C002D67AB /* PBXTargetDependency */,
			);
			name = UnpackedViewControllerTests;
			productName = UnpackedViewControllerTests;
			productReference = 0A919E3A1D7B6A6C002D67AB /* UnpackedViewControllerTests.xctest */;
			productType = "com.apple.product-type.bundle.unit-test";
		};
		0A919E441D7B6A6C002D67AB /* UnpackedViewControllerUITests */ = {
			isa = PBXNativeTarget;
			buildConfigurationList = 0A919E541D7B6A6C002D67AB /* Build configuration list for PBXNativeTarget "UnpackedViewControllerUITests" */;
			buildPhases = (
				1DB1F6BF9F62C3A85EA31435 /* [CP] Check Pods Manifest.lock */,
				0A919E411D7B6A6C002D67AB /* Sources */,
				0A919E421D7B6A6C002D67AB /* Frameworks */,
				0A919E431D7B6A6C002D67AB /* Resources */,
				ED6AC4D156A6E666986947E3 /* [CP] Copy Pods Resources */,
			);
			buildRules = (
			);
			dependencies = (
				0A919E471D7B6A6C002D67AB /* PBXTargetDependency */,
			);
			name = UnpackedViewControllerUITests;
			productName = UnpackedViewControllerUITests;
			productReference = 0A919E451D7B6A6C002D67AB /* UnpackedViewControllerUITests.xctest */;
			productType = "com.apple.product-type.bundle.ui-testing";
		};
/* End PBXNativeTarget section */

/* Begin PBXProject section */
		0A919E1E1D7B6A6B002D67AB /* Project object */ = {
			isa = PBXProject;
			attributes = {
				LastSwiftUpdateCheck = 0730;
				LastUpgradeCheck = 0730;
				ORGANIZATIONNAME = Betterment;
				TargetAttributes = {
					0A919E251D7B6A6B002D67AB = {
						CreatedOnToolsVersion = 7.3.1;
					};
					0A919E391D7B6A6C002D67AB = {
						CreatedOnToolsVersion = 7.3.1;
						TestTargetID = 0A919E251D7B6A6B002D67AB;
					};
					0A919E441D7B6A6C002D67AB = {
						CreatedOnToolsVersion = 7.3.1;
						TestTargetID = 0A919E251D7B6A6B002D67AB;
					};
				};
			};
			buildConfigurationList = 0A919E211D7B6A6B002D67AB /* Build configuration list for PBXProject "UnpackedViewController" */;
			compatibilityVersion = "Xcode 3.2";
			developmentRegion = English;
			hasScannedForEncodings = 0;
			knownRegions = (
				en,
				Base,
			);
			mainGroup = 0A919E1D1D7B6A6B002D67AB;
			productRefGroup = 0A919E271D7B6A6B002D67AB /* Products */;
			projectDirPath = "";
			projectRoot = "";
			targets = (
				0A919E251D7B6A6B002D67AB /* UnpackedViewController */,
				0A919E391D7B6A6C002D67AB /* UnpackedViewControllerTests */,
				0A919E441D7B6A6C002D67AB /* UnpackedViewControllerUITests */,
			);
		};
/* End PBXProject section */

/* Begin PBXResourcesBuildPhase section */
		0A919E241D7B6A6B002D67AB /* Resources */ = {
			isa = PBXResourcesBuildPhase;
			buildActionMask = 2147483647;
			files = (
				0A919E341D7B6A6C002D67AB /* LaunchScreen.storyboard in Resources */,
				0A919E311D7B6A6C002D67AB /* Assets.xcassets in Resources */,
			);
			runOnlyForDeploymentPostprocessing = 0;
		};
		0A919E381D7B6A6C002D67AB /* Resources */ = {
			isa = PBXResourcesBuildPhase;
			buildActionMask = 2147483647;
			files = (
			);
			runOnlyForDeploymentPostprocessing = 0;
		};
		0A919E431D7B6A6C002D67AB /* Resources */ = {
			isa = PBXResourcesBuildPhase;
			buildActionMask = 2147483647;
			files = (
			);
			runOnlyForDeploymentPostprocessing = 0;
		};
/* End PBXResourcesBuildPhase section */

/* Begin PBXShellScriptBuildPhase section */
		1DB1F6BF9F62C3A85EA31435 /* [CP] Check Pods Manifest.lock */ = {
			isa = PBXShellScriptBuildPhase;
			buildActionMask = 2147483647;
			files = (
			);
			inputPaths = (
			);
			name = "[CP] Check Pods Manifest.lock";
			outputPaths = (
			);
			runOnlyForDeploymentPostprocessing = 0;
			shellPath = /bin/sh;
			shellScript = "diff \"${PODS_ROOT}/../Podfile.lock\" \"${PODS_ROOT}/Manifest.lock\" > /dev/null\nif [[ $? != 0 ]] ; then\n    cat << EOM\nerror: The sandbox is not in sync with the Podfile.lock. Run 'pod install' or update your CocoaPods installation.\nEOM\n    exit 1\nfi\n";
			showEnvVarsInLog = 0;
		};
		231CE666B149211D3485D2CF /* [CP] Copy Pods Resources */ = {
			isa = PBXShellScriptBuildPhase;
			buildActionMask = 2147483647;
			files = (
			);
			inputPaths = (
			);
			name = "[CP] Copy Pods Resources";
			outputPaths = (
			);
			runOnlyForDeploymentPostprocessing = 0;
			shellPath = /bin/sh;
			shellScript = "\"${SRCROOT}/Pods/Target Support Files/Pods-UnpackedViewControllerTests/Pods-UnpackedViewControllerTests-resources.sh\"\n";
			showEnvVarsInLog = 0;
		};
		6BE373E4A7119FFC0CED36B2 /* [CP] Check Pods Manifest.lock */ = {
			isa = PBXShellScriptBuildPhase;
			buildActionMask = 2147483647;
			files = (
			);
			inputPaths = (
			);
			name = "[CP] Check Pods Manifest.lock";
			outputPaths = (
			);
			runOnlyForDeploymentPostprocessing = 0;
			shellPath = /bin/sh;
			shellScript = "diff \"${PODS_ROOT}/../Podfile.lock\" \"${PODS_ROOT}/Manifest.lock\" > /dev/null\nif [[ $? != 0 ]] ; then\n    cat << EOM\nerror: The sandbox is not in sync with the Podfile.lock. Run 'pod install' or update your CocoaPods installation.\nEOM\n    exit 1\nfi\n";
			showEnvVarsInLog = 0;
		};
		CADACEBEB96C01B62B141FD6 /* [CP] Check Pods Manifest.lock */ = {
			isa = PBXShellScriptBuildPhase;
			buildActionMask = 2147483647;
			files = (
			);
			inputPaths = (
			);
			name = "[CP] Check Pods Manifest.lock";
			outputPaths = (
			);
			runOnlyForDeploymentPostprocessing = 0;
			shellPath = /bin/sh;
			shellScript = "diff \"${PODS_ROOT}/../Podfile.lock\" \"${PODS_ROOT}/Manifest.lock\" > /dev/null\nif [[ $? != 0 ]] ; then\n    cat << EOM\nerror: The sandbox is not in sync with the Podfile.lock. Run 'pod install' or update your CocoaPods installation.\nEOM\n    exit 1\nfi\n";
			showEnvVarsInLog = 0;
		};
		DAEFBD8A9F49FCD4B935D167 /* [CP] Embed Pods Frameworks */ = {
			isa = PBXShellScriptBuildPhase;
			buildActionMask = 2147483647;
			files = (
			);
			inputPaths = (
			);
			name = "[CP] Embed Pods Frameworks";
			outputPaths = (
			);
			runOnlyForDeploymentPostprocessing = 0;
			shellPath = /bin/sh;
			shellScript = "\"${SRCROOT}/Pods/Target Support Files/Pods-UnpackedViewControllerTests/Pods-UnpackedViewControllerTests-frameworks.sh\"\n";
			showEnvVarsInLog = 0;
		};
		ED6AC4D156A6E666986947E3 /* [CP] Copy Pods Resources */ = {
			isa = PBXShellScriptBuildPhase;
			buildActionMask = 2147483647;
			files = (
			);
			inputPaths = (
			);
			name = "[CP] Copy Pods Resources";
			outputPaths = (
			);
			runOnlyForDeploymentPostprocessing = 0;
			shellPath = /bin/sh;
			shellScript = "\"${SRCROOT}/Pods/Target Support Files/Pods-UnpackedViewControllerUITests/Pods-UnpackedViewControllerUITests-resources.sh\"\n";
			showEnvVarsInLog = 0;
		};
		F733118AF5A29B4DD969B1C3 /* [CP] Copy Pods Resources */ = {
			isa = PBXShellScriptBuildPhase;
			buildActionMask = 2147483647;
			files = (
			);
			inputPaths = (
			);
			name = "[CP] Copy Pods Resources";
			outputPaths = (
			);
			runOnlyForDeploymentPostprocessing = 0;
			shellPath = /bin/sh;
			shellScript = "\"${SRCROOT}/Pods/Target Support Files/Pods-UnpackedViewController/Pods-UnpackedViewController-resources.sh\"\n";
			showEnvVarsInLog = 0;
		};
		F84E5E154D5A2C1B54AB5994 /* [CP] Embed Pods Frameworks */ = {
			isa = PBXShellScriptBuildPhase;
			buildActionMask = 2147483647;
			files = (
			);
			inputPaths = (
			);
			name = "[CP] Embed Pods Frameworks";
			outputPaths = (
			);
			runOnlyForDeploymentPostprocessing = 0;
			shellPath = /bin/sh;
			shellScript = "\"${SRCROOT}/Pods/Target Support Files/Pods-UnpackedViewController/Pods-UnpackedViewController-frameworks.sh\"\n";
			showEnvVarsInLog = 0;
		};
/* End PBXShellScriptBuildPhase section */

/* Begin PBXSourcesBuildPhase section */
		0A919E221D7B6A6B002D67AB /* Sources */ = {
			isa = PBXSourcesBuildPhase;
			buildActionMask = 2147483647;
			files = (
				0A7B1B721D7B8B3300A3FD16 /* SummarizedTableView.swift in Sources */,
				0ADA70BE1D7B6BD900D87AAC /* Account.swift in Sources */,
				0ADA70BC1D7B6BD400D87AAC /* Brokerage.swift in Sources */,
				0A7B1B691D7B7E7900A3FD16 /* FixtureUser.swift in Sources */,
				0A7B1B821D7B954A00A3FD16 /* DetailCellDataSource.swift in Sources */,
				0A919E2C1D7B6A6C002D67AB /* LoginViewController.swift in Sources */,
				0A9228931D7BE88D009C628E /* BrowseAccountsFlow.swift in Sources */,
				0AFDACC01D7E72AC00741FED /* MonolithicAccountDetailsViewController.swift in Sources */,
				0A919E2A1D7B6A6C002D67AB /* AppDelegate.swift in Sources */,
				0AFDACBC1D7BF84B00741FED /* SelectAccountFlow.swift in Sources */,
				0A7B1B741D7B8B4500A3FD16 /* SummarizedTableViewController.swift in Sources */,
				0A7B1B761D7B8ED700A3FD16 /* SummarizedTableViewDataSource.swift in Sources */,
				0A7B1B791D7B938A00A3FD16 /* SummarizedTableViewSection.swift in Sources */,
				0ADA70B91D7B6BC700D87AAC /* User.swift in Sources */,
				0A7B1B851D7B98F300A3FD16 /* SummaryCellDataSource.swift in Sources */,
				0A7B1B8C1D7BCC1500A3FD16 /* DetailCell.swift in Sources */,
				0A9228951D7BEBF7009C628E /* AccountDetail.swift in Sources */,
				0A7B1B881D7B9E8500A3FD16 /* SummaryCell.swift in Sources */,
			);
			runOnlyForDeploymentPostprocessing = 0;
		};
		0A919E361D7B6A6C002D67AB /* Sources */ = {
			isa = PBXSourcesBuildPhase;
			buildActionMask = 2147483647;
			files = (
				0A0A91EF1D7BD83C0031AB5F /* UnpackedViewControllerTests.swift in Sources */,
			);
			runOnlyForDeploymentPostprocessing = 0;
		};
		0A919E411D7B6A6C002D67AB /* Sources */ = {
			isa = PBXSourcesBuildPhase;
			buildActionMask = 2147483647;
			files = (
				0A919E4A1D7B6A6C002D67AB /* UnpackedViewControllerUITests.swift in Sources */,
			);
			runOnlyForDeploymentPostprocessing = 0;
		};
/* End PBXSourcesBuildPhase section */

/* Begin PBXTargetDependency section */
		0A919E3C1D7B6A6C002D67AB /* PBXTargetDependency */ = {
			isa = PBXTargetDependency;
			target = 0A919E251D7B6A6B002D67AB /* UnpackedViewController */;
			targetProxy = 0A919E3B1D7B6A6C002D67AB /* PBXContainerItemProxy */;
		};
		0A919E471D7B6A6C002D67AB /* PBXTargetDependency */ = {
			isa = PBXTargetDependency;
			target = 0A919E251D7B6A6B002D67AB /* UnpackedViewController */;
			targetProxy = 0A919E461D7B6A6C002D67AB /* PBXContainerItemProxy */;
		};
/* End PBXTargetDependency section */

/* Begin PBXVariantGroup section */
		0A919E321D7B6A6C002D67AB /* LaunchScreen.storyboard */ = {
			isa = PBXVariantGroup;
			children = (
				0A919E331D7B6A6C002D67AB /* Base */,
			);
			name = LaunchScreen.storyboard;
			sourceTree = "<group>";
		};
/* End PBXVariantGroup section */

/* Begin XCBuildConfiguration section */
		0A919E4C1D7B6A6C002D67AB /* Debug */ = {
			isa = XCBuildConfiguration;
			buildSettings = {
				ALWAYS_SEARCH_USER_PATHS = NO;
				CLANG_ANALYZER_NONNULL = YES;
				CLANG_CXX_LANGUAGE_STANDARD = "gnu++0x";
				CLANG_CXX_LIBRARY = "libc++";
				CLANG_ENABLE_MODULES = YES;
				CLANG_ENABLE_OBJC_ARC = YES;
				CLANG_WARN_BOOL_CONVERSION = YES;
				CLANG_WARN_CONSTANT_CONVERSION = YES;
				CLANG_WARN_DIRECT_OBJC_ISA_USAGE = YES_ERROR;
				CLANG_WARN_EMPTY_BODY = YES;
				CLANG_WARN_ENUM_CONVERSION = YES;
				CLANG_WARN_INT_CONVERSION = YES;
				CLANG_WARN_OBJC_ROOT_CLASS = YES_ERROR;
				CLANG_WARN_UNREACHABLE_CODE = YES;
				CLANG_WARN__DUPLICATE_METHOD_MATCH = YES;
				"CODE_SIGN_IDENTITY[sdk=iphoneos*]" = "iPhone Developer";
				COPY_PHASE_STRIP = NO;
				DEBUG_INFORMATION_FORMAT = dwarf;
				ENABLE_STRICT_OBJC_MSGSEND = YES;
				ENABLE_TESTABILITY = YES;
				GCC_C_LANGUAGE_STANDARD = gnu99;
				GCC_DYNAMIC_NO_PIC = NO;
				GCC_NO_COMMON_BLOCKS = YES;
				GCC_OPTIMIZATION_LEVEL = 0;
				GCC_PREPROCESSOR_DEFINITIONS = (
					"DEBUG=1",
					"$(inherited)",
				);
				GCC_WARN_64_TO_32_BIT_CONVERSION = YES;
				GCC_WARN_ABOUT_RETURN_TYPE = YES_ERROR;
				GCC_WARN_UNDECLARED_SELECTOR = YES;
				GCC_WARN_UNINITIALIZED_AUTOS = YES_AGGRESSIVE;
				GCC_WARN_UNUSED_FUNCTION = YES;
				GCC_WARN_UNUSED_VARIABLE = YES;
				IPHONEOS_DEPLOYMENT_TARGET = 9.3;
				MTL_ENABLE_DEBUG_INFO = YES;
				ONLY_ACTIVE_ARCH = YES;
				SDKROOT = iphoneos;
				SWIFT_OPTIMIZATION_LEVEL = "-Onone";
			};
			name = Debug;
		};
		0A919E4D1D7B6A6C002D67AB /* Release */ = {
			isa = XCBuildConfiguration;
			buildSettings = {
				ALWAYS_SEARCH_USER_PATHS = NO;
				CLANG_ANALYZER_NONNULL = YES;
				CLANG_CXX_LANGUAGE_STANDARD = "gnu++0x";
				CLANG_CXX_LIBRARY = "libc++";
				CLANG_ENABLE_MODULES = YES;
				CLANG_ENABLE_OBJC_ARC = YES;
				CLANG_WARN_BOOL_CONVERSION = YES;
				CLANG_WARN_CONSTANT_CONVERSION = YES;
				CLANG_WARN_DIRECT_OBJC_ISA_USAGE = YES_ERROR;
				CLANG_WARN_EMPTY_BODY = YES;
				CLANG_WARN_ENUM_CONVERSION = YES;
				CLANG_WARN_INT_CONVERSION = YES;
				CLANG_WARN_OBJC_ROOT_CLASS = YES_ERROR;
				CLANG_WARN_UNREACHABLE_CODE = YES;
				CLANG_WARN__DUPLICATE_METHOD_MATCH = YES;
				"CODE_SIGN_IDENTITY[sdk=iphoneos*]" = "iPhone Developer";
				COPY_PHASE_STRIP = NO;
				DEBUG_INFORMATION_FORMAT = "dwarf-with-dsym";
				ENABLE_NS_ASSERTIONS = NO;
				ENABLE_STRICT_OBJC_MSGSEND = YES;
				GCC_C_LANGUAGE_STANDARD = gnu99;
				GCC_NO_COMMON_BLOCKS = YES;
				GCC_WARN_64_TO_32_BIT_CONVERSION = YES;
				GCC_WARN_ABOUT_RETURN_TYPE = YES_ERROR;
				GCC_WARN_UNDECLARED_SELECTOR = YES;
				GCC_WARN_UNINITIALIZED_AUTOS = YES_AGGRESSIVE;
				GCC_WARN_UNUSED_FUNCTION = YES;
				GCC_WARN_UNUSED_VARIABLE = YES;
				IPHONEOS_DEPLOYMENT_TARGET = 9.3;
				MTL_ENABLE_DEBUG_INFO = NO;
				SDKROOT = iphoneos;
				VALIDATE_PRODUCT = YES;
			};
			name = Release;
		};
		0A919E4F1D7B6A6C002D67AB /* Debug */ = {
			isa = XCBuildConfiguration;
			baseConfigurationReference = 83C26C744F85B2F41ED00263 /* Pods-UnpackedViewController.debug.xcconfig */;
			buildSettings = {
				ASSETCATALOG_COMPILER_APPICON_NAME = AppIcon;
				INFOPLIST_FILE = UnpackedViewController/Info.plist;
				LD_RUNPATH_SEARCH_PATHS = "$(inherited) @executable_path/Frameworks";
				PRODUCT_BUNDLE_IDENTIFIER = com.betterment.UnpackedViewController;
				PRODUCT_NAME = "$(TARGET_NAME)";
			};
			name = Debug;
		};
		0A919E501D7B6A6C002D67AB /* Release */ = {
			isa = XCBuildConfiguration;
			baseConfigurationReference = 793408DEA22AA95B7AB5EBE2 /* Pods-UnpackedViewController.release.xcconfig */;
			buildSettings = {
				ASSETCATALOG_COMPILER_APPICON_NAME = AppIcon;
				INFOPLIST_FILE = UnpackedViewController/Info.plist;
				LD_RUNPATH_SEARCH_PATHS = "$(inherited) @executable_path/Frameworks";
				PRODUCT_BUNDLE_IDENTIFIER = com.betterment.UnpackedViewController;
				PRODUCT_NAME = "$(TARGET_NAME)";
			};
			name = Release;
		};
		0A919E521D7B6A6C002D67AB /* Debug */ = {
			isa = XCBuildConfiguration;
			baseConfigurationReference = B95ECA3D75C17CA9463B1CC1 /* Pods-UnpackedViewControllerTests.debug.xcconfig */;
			buildSettings = {
				BUNDLE_LOADER = "$(TEST_HOST)";
				INFOPLIST_FILE = UnpackedViewControllerTests/Info.plist;
				LD_RUNPATH_SEARCH_PATHS = "$(inherited) @executable_path/Frameworks @loader_path/Frameworks";
				PRODUCT_BUNDLE_IDENTIFIER = com.betterment.UnpackedViewControllerTests;
				PRODUCT_NAME = "$(TARGET_NAME)";
				TEST_HOST = "$(BUILT_PRODUCTS_DIR)/UnpackedViewController.app/UnpackedViewController";
			};
			name = Debug;
		};
		0A919E531D7B6A6C002D67AB /* Release */ = {
			isa = XCBuildConfiguration;
			baseConfigurationReference = 0FC96355562D608CD0DCC91F /* Pods-UnpackedViewControllerTests.release.xcconfig */;
			buildSettings = {
				BUNDLE_LOADER = "$(TEST_HOST)";
				INFOPLIST_FILE = UnpackedViewControllerTests/Info.plist;
				LD_RUNPATH_SEARCH_PATHS = "$(inherited) @executable_path/Frameworks @loader_path/Frameworks";
				PRODUCT_BUNDLE_IDENTIFIER = com.betterment.UnpackedViewControllerTests;
				PRODUCT_NAME = "$(TARGET_NAME)";
				TEST_HOST = "$(BUILT_PRODUCTS_DIR)/UnpackedViewController.app/UnpackedViewController";
			};
			name = Release;
		};
		0A919E551D7B6A6C002D67AB /* Debug */ = {
			isa = XCBuildConfiguration;
			baseConfigurationReference = 7DE56533F74A793015DE7B7D /* Pods-UnpackedViewControllerUITests.debug.xcconfig */;
			buildSettings = {
				INFOPLIST_FILE = UnpackedViewControllerUITests/Info.plist;
				LD_RUNPATH_SEARCH_PATHS = "$(inherited) @executable_path/Frameworks @loader_path/Frameworks";
				PRODUCT_BUNDLE_IDENTIFIER = com.betterment.UnpackedViewControllerUITests;
				PRODUCT_NAME = "$(TARGET_NAME)";
				TEST_TARGET_NAME = UnpackedViewController;
			};
			name = Debug;
		};
		0A919E561D7B6A6C002D67AB /* Release */ = {
			isa = XCBuildConfiguration;
			baseConfigurationReference = BCB71887E289255D082CB5AD /* Pods-UnpackedViewControllerUITests.release.xcconfig */;
			buildSettings = {
				INFOPLIST_FILE = UnpackedViewControllerUITests/Info.plist;
				LD_RUNPATH_SEARCH_PATHS = "$(inherited) @executable_path/Frameworks @loader_path/Frameworks";
				PRODUCT_BUNDLE_IDENTIFIER = com.betterment.UnpackedViewControllerUITests;
				PRODUCT_NAME = "$(TARGET_NAME)";
				TEST_TARGET_NAME = UnpackedViewController;
			};
			name = Release;
		};
/* End XCBuildConfiguration section */

/* Begin XCConfigurationList section */
		0A919E211D7B6A6B002D67AB /* Build configuration list for PBXProject "UnpackedViewController" */ = {
			isa = XCConfigurationList;
			buildConfigurations = (
				0A919E4C1D7B6A6C002D67AB /* Debug */,
				0A919E4D1D7B6A6C002D67AB /* Release */,
			);
			defaultConfigurationIsVisible = 0;
			defaultConfigurationName = Release;
		};
		0A919E4E1D7B6A6C002D67AB /* Build configuration list for PBXNativeTarget "UnpackedViewController" */ = {
			isa = XCConfigurationList;
			buildConfigurations = (
				0A919E4F1D7B6A6C002D67AB /* Debug */,
				0A919E501D7B6A6C002D67AB /* Release */,
			);
			defaultConfigurationIsVisible = 0;
			defaultConfigurationName = Release;
		};
		0A919E511D7B6A6C002D67AB /* Build configuration list for PBXNativeTarget "UnpackedViewControllerTests" */ = {
			isa = XCConfigurationList;
			buildConfigurations = (
				0A919E521D7B6A6C002D67AB /* Debug */,
				0A919E531D7B6A6C002D67AB /* Release */,
			);
			defaultConfigurationIsVisible = 0;
			defaultConfigurationName = Release;
		};
		0A919E541D7B6A6C002D67AB /* Build configuration list for PBXNativeTarget "UnpackedViewControllerUITests" */ = {
			isa = XCConfigurationList;
			buildConfigurations = (
				0A919E551D7B6A6C002D67AB /* Debug */,
				0A919E561D7B6A6C002D67AB /* Release */,
			);
			defaultConfigurationIsVisible = 0;
			defaultConfigurationName = Release;
		};
/* End XCConfigurationList section */
	};
	rootObject = 0A919E1E1D7B6A6B002D67AB /* Project object */;
}
